// !$*UTF8*$!
{
	archiveVersion = 1;
	classes = {
	};
	objectVersion = 55;
	objects = {

/* Begin PBXBuildFile section */
		97EAB1AF28730D6900CDF6DD /* AppDelegate.swift in Sources */ = {isa = PBXBuildFile; fileRef = 97EAB1AE28730D6900CDF6DD /* AppDelegate.swift */; };
		97EAB1B128730D6A00CDF6DD /* SceneDelegate.swift in Sources */ = {isa = PBXBuildFile; fileRef = 97EAB1B028730D6A00CDF6DD /* SceneDelegate.swift */; };
		97EAB1B328730D6A00CDF6DD /* ReminderListViewController.swift in Sources */ = {isa = PBXBuildFile; fileRef = 97EAB1B228730D6A00CDF6DD /* ReminderListViewController.swift */; };
		97EAB1B628730D6A00CDF6DD /* Main.storyboard in Resources */ = {isa = PBXBuildFile; fileRef = 97EAB1B428730D6A00CDF6DD /* Main.storyboard */; };
		97EAB1B828730D6B00CDF6DD /* Assets.xcassets in Resources */ = {isa = PBXBuildFile; fileRef = 97EAB1B728730D6B00CDF6DD /* Assets.xcassets */; };
		97EAB1BB28730D6B00CDF6DD /* LaunchScreen.storyboard in Resources */ = {isa = PBXBuildFile; fileRef = 97EAB1B928730D6B00CDF6DD /* LaunchScreen.storyboard */; };
		97EAB1C628730D6C00CDF6DD /* uikit_tutorialTests.swift in Sources */ = {isa = PBXBuildFile; fileRef = 97EAB1C528730D6C00CDF6DD /* uikit_tutorialTests.swift */; };
		97EAB1D028730D6C00CDF6DD /* uikit_tutorialUITests.swift in Sources */ = {isa = PBXBuildFile; fileRef = 97EAB1CF28730D6C00CDF6DD /* uikit_tutorialUITests.swift */; };
		97EAB1D228730D6C00CDF6DD /* uikit_tutorialUITestsLaunchTests.swift in Sources */ = {isa = PBXBuildFile; fileRef = 97EAB1D128730D6C00CDF6DD /* uikit_tutorialUITestsLaunchTests.swift */; };
		97EAB1DF2873127000CDF6DD /* README.md in Resources */ = {isa = PBXBuildFile; fileRef = 97EAB1DE2873127000CDF6DD /* README.md */; };
		97EAB1E22873146100CDF6DD /* Reminder.swift in Sources */ = {isa = PBXBuildFile; fileRef = 97EAB1E12873146100CDF6DD /* Reminder.swift */; };
		97EAB1E428731B3E00CDF6DD /* Date+Today.swift in Sources */ = {isa = PBXBuildFile; fileRef = 97EAB1E328731B3E00CDF6DD /* Date+Today.swift */; };
		97EAB1E728731FB300CDF6DD /* ReminderListViewController+DataSource.swift in Sources */ = {isa = PBXBuildFile; fileRef = 97EAB1E628731FB300CDF6DD /* ReminderListViewController+DataSource.swift */; };
		97EAB1E9287328D600CDF6DD /* UIColor+Today.swift in Sources */ = {isa = PBXBuildFile; fileRef = 97EAB1E8287328D600CDF6DD /* UIColor+Today.swift */; };
		97EAB1EB287342A200CDF6DD /* ReminderDoneButton.swift in Sources */ = {isa = PBXBuildFile; fileRef = 97EAB1EA287342A200CDF6DD /* ReminderDoneButton.swift */; };
		97EAB1ED2873434100CDF6DD /* ReminderListViewController+Actions.swift in Sources */ = {isa = PBXBuildFile; fileRef = 97EAB1EC2873434100CDF6DD /* ReminderListViewController+Actions.swift */; };
/* End PBXBuildFile section */

/* Begin PBXContainerItemProxy section */
		97EAB1C228730D6C00CDF6DD /* PBXContainerItemProxy */ = {
			isa = PBXContainerItemProxy;
			containerPortal = 97EAB1A328730D6900CDF6DD /* Project object */;
			proxyType = 1;
			remoteGlobalIDString = 97EAB1AA28730D6900CDF6DD;
			remoteInfo = "uikit-tutorial";
		};
		97EAB1CC28730D6C00CDF6DD /* PBXContainerItemProxy */ = {
			isa = PBXContainerItemProxy;
			containerPortal = 97EAB1A328730D6900CDF6DD /* Project object */;
			proxyType = 1;
			remoteGlobalIDString = 97EAB1AA28730D6900CDF6DD;
			remoteInfo = "uikit-tutorial";
		};
/* End PBXContainerItemProxy section */

/* Begin PBXFileReference section */
		97EAB1AB28730D6900CDF6DD /* uikit-tutorial.app */ = {isa = PBXFileReference; explicitFileType = wrapper.application; includeInIndex = 0; path = "uikit-tutorial.app"; sourceTree = BUILT_PRODUCTS_DIR; };
		97EAB1AE28730D6900CDF6DD /* AppDelegate.swift */ = {isa = PBXFileReference; lastKnownFileType = sourcecode.swift; path = AppDelegate.swift; sourceTree = "<group>"; };
		97EAB1B028730D6A00CDF6DD /* SceneDelegate.swift */ = {isa = PBXFileReference; lastKnownFileType = sourcecode.swift; path = SceneDelegate.swift; sourceTree = "<group>"; };
		97EAB1B228730D6A00CDF6DD /* ReminderListViewController.swift */ = {isa = PBXFileReference; lastKnownFileType = sourcecode.swift; path = ReminderListViewController.swift; sourceTree = "<group>"; };
		97EAB1B528730D6A00CDF6DD /* Base */ = {isa = PBXFileReference; lastKnownFileType = file.storyboard; name = Base; path = Base.lproj/Main.storyboard; sourceTree = "<group>"; };
		97EAB1B728730D6B00CDF6DD /* Assets.xcassets */ = {isa = PBXFileReference; lastKnownFileType = folder.assetcatalog; path = Assets.xcassets; sourceTree = "<group>"; };
		97EAB1BA28730D6B00CDF6DD /* Base */ = {isa = PBXFileReference; lastKnownFileType = file.storyboard; name = Base; path = Base.lproj/LaunchScreen.storyboard; sourceTree = "<group>"; };
		97EAB1BC28730D6B00CDF6DD /* Info.plist */ = {isa = PBXFileReference; lastKnownFileType = text.plist.xml; path = Info.plist; sourceTree = "<group>"; };
		97EAB1C128730D6C00CDF6DD /* uikit-tutorialTests.xctest */ = {isa = PBXFileReference; explicitFileType = wrapper.cfbundle; includeInIndex = 0; path = "uikit-tutorialTests.xctest"; sourceTree = BUILT_PRODUCTS_DIR; };
		97EAB1C528730D6C00CDF6DD /* uikit_tutorialTests.swift */ = {isa = PBXFileReference; lastKnownFileType = sourcecode.swift; path = uikit_tutorialTests.swift; sourceTree = "<group>"; };
		97EAB1CB28730D6C00CDF6DD /* uikit-tutorialUITests.xctest */ = {isa = PBXFileReference; explicitFileType = wrapper.cfbundle; includeInIndex = 0; path = "uikit-tutorialUITests.xctest"; sourceTree = BUILT_PRODUCTS_DIR; };
		97EAB1CF28730D6C00CDF6DD /* uikit_tutorialUITests.swift */ = {isa = PBXFileReference; lastKnownFileType = sourcecode.swift; path = uikit_tutorialUITests.swift; sourceTree = "<group>"; };
		97EAB1D128730D6C00CDF6DD /* uikit_tutorialUITestsLaunchTests.swift */ = {isa = PBXFileReference; lastKnownFileType = sourcecode.swift; path = uikit_tutorialUITestsLaunchTests.swift; sourceTree = "<group>"; };
		97EAB1DE2873127000CDF6DD /* README.md */ = {isa = PBXFileReference; fileEncoding = 4; lastKnownFileType = net.daringfireball.markdown; path = README.md; sourceTree = "<group>"; };
		97EAB1E12873146100CDF6DD /* Reminder.swift */ = {isa = PBXFileReference; fileEncoding = 4; lastKnownFileType = sourcecode.swift; path = Reminder.swift; sourceTree = "<group>"; };
		97EAB1E328731B3E00CDF6DD /* Date+Today.swift */ = {isa = PBXFileReference; lastKnownFileType = sourcecode.swift; path = "Date+Today.swift"; sourceTree = "<group>"; };
		97EAB1E628731FB300CDF6DD /* ReminderListViewController+DataSource.swift */ = {isa = PBXFileReference; lastKnownFileType = sourcecode.swift; path = "ReminderListViewController+DataSource.swift"; sourceTree = "<group>"; };
		97EAB1E8287328D600CDF6DD /* UIColor+Today.swift */ = {isa = PBXFileReference; fileEncoding = 4; lastKnownFileType = sourcecode.swift; path = "UIColor+Today.swift"; sourceTree = "<group>"; };
		97EAB1EA287342A200CDF6DD /* ReminderDoneButton.swift */ = {isa = PBXFileReference; lastKnownFileType = sourcecode.swift; path = ReminderDoneButton.swift; sourceTree = "<group>"; };
		97EAB1EC2873434100CDF6DD /* ReminderListViewController+Actions.swift */ = {isa = PBXFileReference; lastKnownFileType = sourcecode.swift; path = "ReminderListViewController+Actions.swift"; sourceTree = "<group>"; };
/* End PBXFileReference section */

/* Begin PBXFrameworksBuildPhase section */
		97EAB1A828730D6900CDF6DD /* Frameworks */ = {
			isa = PBXFrameworksBuildPhase;
			buildActionMask = 2147483647;
			files = (
			);
			runOnlyForDeploymentPostprocessing = 0;
		};
		97EAB1BE28730D6C00CDF6DD /* Frameworks */ = {
			isa = PBXFrameworksBuildPhase;
			buildActionMask = 2147483647;
			files = (
			);
			runOnlyForDeploymentPostprocessing = 0;
		};
		97EAB1C828730D6C00CDF6DD /* Frameworks */ = {
			isa = PBXFrameworksBuildPhase;
			buildActionMask = 2147483647;
			files = (
			);
			runOnlyForDeploymentPostprocessing = 0;
		};
/* End PBXFrameworksBuildPhase section */

/* Begin PBXGroup section */
		97EAB1A228730D6900CDF6DD = {
			isa = PBXGroup;
			children = (
				97EAB1DE2873127000CDF6DD /* README.md */,
				97EAB1AD28730D6900CDF6DD /* uikit-tutorial */,
				97EAB1C428730D6C00CDF6DD /* uikit-tutorialTests */,
				97EAB1CE28730D6C00CDF6DD /* uikit-tutorialUITests */,
				97EAB1AC28730D6900CDF6DD /* Products */,
			);
			sourceTree = "<group>";
		};
		97EAB1AC28730D6900CDF6DD /* Products */ = {
			isa = PBXGroup;
			children = (
				97EAB1AB28730D6900CDF6DD /* uikit-tutorial.app */,
				97EAB1C128730D6C00CDF6DD /* uikit-tutorialTests.xctest */,
				97EAB1CB28730D6C00CDF6DD /* uikit-tutorialUITests.xctest */,
			);
			name = Products;
			sourceTree = "<group>";
		};
		97EAB1AD28730D6900CDF6DD /* uikit-tutorial */ = {
			isa = PBXGroup;
			children = (
				97EAB1E02873145500CDF6DD /* Models */,
				97EAB1AE28730D6900CDF6DD /* AppDelegate.swift */,
				97EAB1B028730D6A00CDF6DD /* SceneDelegate.swift */,
				97EAB1E528731F8000CDF6DD /* ListViewController */,
				97EAB1B428730D6A00CDF6DD /* Main.storyboard */,
				97EAB1B728730D6B00CDF6DD /* Assets.xcassets */,
				97EAB1B928730D6B00CDF6DD /* LaunchScreen.storyboard */,
				97EAB1BC28730D6B00CDF6DD /* Info.plist */,
			);
			path = "uikit-tutorial";
			sourceTree = "<group>";
		};
		97EAB1C428730D6C00CDF6DD /* uikit-tutorialTests */ = {
			isa = PBXGroup;
			children = (
				97EAB1C528730D6C00CDF6DD /* uikit_tutorialTests.swift */,
			);
			path = "uikit-tutorialTests";
			sourceTree = "<group>";
		};
		97EAB1CE28730D6C00CDF6DD /* uikit-tutorialUITests */ = {
			isa = PBXGroup;
			children = (
				97EAB1CF28730D6C00CDF6DD /* uikit_tutorialUITests.swift */,
				97EAB1D128730D6C00CDF6DD /* uikit_tutorialUITestsLaunchTests.swift */,
			);
			path = "uikit-tutorialUITests";
			sourceTree = "<group>";
		};
		97EAB1E02873145500CDF6DD /* Models */ = {
			isa = PBXGroup;
			children = (
				97EAB1E8287328D600CDF6DD /* UIColor+Today.swift */,
				97EAB1E12873146100CDF6DD /* Reminder.swift */,
				97EAB1E328731B3E00CDF6DD /* Date+Today.swift */,
			);
			path = Models;
			sourceTree = "<group>";
		};
		97EAB1E528731F8000CDF6DD /* ListViewController */ = {
			isa = PBXGroup;
			children = (
				97EAB1EA287342A200CDF6DD /* ReminderDoneButton.swift */,
				97EAB1B228730D6A00CDF6DD /* ReminderListViewController.swift */,
				97EAB1E628731FB300CDF6DD /* ReminderListViewController+DataSource.swift */,
				97EAB1EC2873434100CDF6DD /* ReminderListViewController+Actions.swift */,
			);
			path = ListViewController;
			sourceTree = "<group>";
		};
/* End PBXGroup section */

/* Begin PBXNativeTarget section */
		97EAB1AA28730D6900CDF6DD /* uikit-tutorial */ = {
			isa = PBXNativeTarget;
			buildConfigurationList = 97EAB1D528730D6C00CDF6DD /* Build configuration list for PBXNativeTarget "uikit-tutorial" */;
			buildPhases = (
				97EAB1A728730D6900CDF6DD /* Sources */,
				97EAB1A828730D6900CDF6DD /* Frameworks */,
				97EAB1A928730D6900CDF6DD /* Resources */,
			);
			buildRules = (
			);
			dependencies = (
			);
			name = "uikit-tutorial";
			productName = "uikit-tutorial";
			productReference = 97EAB1AB28730D6900CDF6DD /* uikit-tutorial.app */;
			productType = "com.apple.product-type.application";
		};
		97EAB1C028730D6C00CDF6DD /* uikit-tutorialTests */ = {
			isa = PBXNativeTarget;
			buildConfigurationList = 97EAB1D828730D6C00CDF6DD /* Build configuration list for PBXNativeTarget "uikit-tutorialTests" */;
			buildPhases = (
				97EAB1BD28730D6C00CDF6DD /* Sources */,
				97EAB1BE28730D6C00CDF6DD /* Frameworks */,
				97EAB1BF28730D6C00CDF6DD /* Resources */,
			);
			buildRules = (
			);
			dependencies = (
				97EAB1C328730D6C00CDF6DD /* PBXTargetDependency */,
			);
			name = "uikit-tutorialTests";
			productName = "uikit-tutorialTests";
			productReference = 97EAB1C128730D6C00CDF6DD /* uikit-tutorialTests.xctest */;
			productType = "com.apple.product-type.bundle.unit-test";
		};
		97EAB1CA28730D6C00CDF6DD /* uikit-tutorialUITests */ = {
			isa = PBXNativeTarget;
			buildConfigurationList = 97EAB1DB28730D6C00CDF6DD /* Build configuration list for PBXNativeTarget "uikit-tutorialUITests" */;
			buildPhases = (
				97EAB1C728730D6C00CDF6DD /* Sources */,
				97EAB1C828730D6C00CDF6DD /* Frameworks */,
				97EAB1C928730D6C00CDF6DD /* Resources */,
			);
			buildRules = (
			);
			dependencies = (
				97EAB1CD28730D6C00CDF6DD /* PBXTargetDependency */,
			);
			name = "uikit-tutorialUITests";
			productName = "uikit-tutorialUITests";
			productReference = 97EAB1CB28730D6C00CDF6DD /* uikit-tutorialUITests.xctest */;
			productType = "com.apple.product-type.bundle.ui-testing";
		};
/* End PBXNativeTarget section */

/* Begin PBXProject section */
		97EAB1A328730D6900CDF6DD /* Project object */ = {
			isa = PBXProject;
			attributes = {
				BuildIndependentTargetsInParallel = 1;
				LastSwiftUpdateCheck = 1340;
				LastUpgradeCheck = 1340;
				TargetAttributes = {
					97EAB1AA28730D6900CDF6DD = {
						CreatedOnToolsVersion = 13.4.1;
					};
					97EAB1C028730D6C00CDF6DD = {
						CreatedOnToolsVersion = 13.4.1;
						TestTargetID = 97EAB1AA28730D6900CDF6DD;
					};
					97EAB1CA28730D6C00CDF6DD = {
						CreatedOnToolsVersion = 13.4.1;
						TestTargetID = 97EAB1AA28730D6900CDF6DD;
					};
				};
			};
			buildConfigurationList = 97EAB1A628730D6900CDF6DD /* Build configuration list for PBXProject "uikit-tutorial" */;
			compatibilityVersion = "Xcode 13.0";
			developmentRegion = en;
			hasScannedForEncodings = 0;
			knownRegions = (
				en,
				Base,
			);
			mainGroup = 97EAB1A228730D6900CDF6DD;
			productRefGroup = 97EAB1AC28730D6900CDF6DD /* Products */;
			projectDirPath = "";
			projectRoot = "";
			targets = (
				97EAB1AA28730D6900CDF6DD /* uikit-tutorial */,
				97EAB1C028730D6C00CDF6DD /* uikit-tutorialTests */,
				97EAB1CA28730D6C00CDF6DD /* uikit-tutorialUITests */,
			);
		};
/* End PBXProject section */

/* Begin PBXResourcesBuildPhase section */
		97EAB1A928730D6900CDF6DD /* Resources */ = {
			isa = PBXResourcesBuildPhase;
			buildActionMask = 2147483647;
			files = (
				97EAB1BB28730D6B00CDF6DD /* LaunchScreen.storyboard in Resources */,
				97EAB1B828730D6B00CDF6DD /* Assets.xcassets in Resources */,
				97EAB1DF2873127000CDF6DD /* README.md in Resources */,
				97EAB1B628730D6A00CDF6DD /* Main.storyboard in Resources */,
			);
			runOnlyForDeploymentPostprocessing = 0;
		};
		97EAB1BF28730D6C00CDF6DD /* Resources */ = {
			isa = PBXResourcesBuildPhase;
			buildActionMask = 2147483647;
			files = (
			);
			runOnlyForDeploymentPostprocessing = 0;
		};
		97EAB1C928730D6C00CDF6DD /* Resources */ = {
			isa = PBXResourcesBuildPhase;
			buildActionMask = 2147483647;
			files = (
			);
			runOnlyForDeploymentPostprocessing = 0;
		};
/* End PBXResourcesBuildPhase section */

/* Begin PBXSourcesBuildPhase section */
		97EAB1A728730D6900CDF6DD /* Sources */ = {
			isa = PBXSourcesBuildPhase;
			buildActionMask = 2147483647;
			files = (
				97EAB1E9287328D600CDF6DD /* UIColor+Today.swift in Sources */,
				97EAB1ED2873434100CDF6DD /* ReminderListViewController+Actions.swift in Sources */,
				97EAB1B328730D6A00CDF6DD /* ReminderListViewController.swift in Sources */,
				97EAB1E428731B3E00CDF6DD /* Date+Today.swift in Sources */,
				97EAB1EB287342A200CDF6DD /* ReminderDoneButton.swift in Sources */,
				97EAB1AF28730D6900CDF6DD /* AppDelegate.swift in Sources */,
				97EAB1B128730D6A00CDF6DD /* SceneDelegate.swift in Sources */,
				97EAB1E22873146100CDF6DD /* Reminder.swift in Sources */,
				97EAB1E728731FB300CDF6DD /* ReminderListViewController+DataSource.swift in Sources */,
			);
			runOnlyForDeploymentPostprocessing = 0;
		};
		97EAB1BD28730D6C00CDF6DD /* Sources */ = {
			isa = PBXSourcesBuildPhase;
			buildActionMask = 2147483647;
			files = (
				97EAB1C628730D6C00CDF6DD /* uikit_tutorialTests.swift in Sources */,
			);
			runOnlyForDeploymentPostprocessing = 0;
		};
		97EAB1C728730D6C00CDF6DD /* Sources */ = {
			isa = PBXSourcesBuildPhase;
			buildActionMask = 2147483647;
			files = (
				97EAB1D028730D6C00CDF6DD /* uikit_tutorialUITests.swift in Sources */,
				97EAB1D228730D6C00CDF6DD /* uikit_tutorialUITestsLaunchTests.swift in Sources */,
			);
			runOnlyForDeploymentPostprocessing = 0;
		};
/* End PBXSourcesBuildPhase section */

/* Begin PBXTargetDependency section */
		97EAB1C328730D6C00CDF6DD /* PBXTargetDependency */ = {
			isa = PBXTargetDependency;
			target = 97EAB1AA28730D6900CDF6DD /* uikit-tutorial */;
			targetProxy = 97EAB1C228730D6C00CDF6DD /* PBXContainerItemProxy */;
		};
		97EAB1CD28730D6C00CDF6DD /* PBXTargetDependency */ = {
			isa = PBXTargetDependency;
			target = 97EAB1AA28730D6900CDF6DD /* uikit-tutorial */;
			targetProxy = 97EAB1CC28730D6C00CDF6DD /* PBXContainerItemProxy */;
		};
/* End PBXTargetDependency section */

/* Begin PBXVariantGroup section */
		97EAB1B428730D6A00CDF6DD /* Main.storyboard */ = {
			isa = PBXVariantGroup;
			children = (
				97EAB1B528730D6A00CDF6DD /* Base */,
			);
			name = Main.storyboard;
			sourceTree = "<group>";
		};
		97EAB1B928730D6B00CDF6DD /* LaunchScreen.storyboard */ = {
			isa = PBXVariantGroup;
			children = (
				97EAB1BA28730D6B00CDF6DD /* Base */,
			);
			name = LaunchScreen.storyboard;
			sourceTree = "<group>";
		};
/* End PBXVariantGroup section */

/* Begin XCBuildConfiguration section */
		97EAB1D328730D6C00CDF6DD /* Debug */ = {
			isa = XCBuildConfiguration;
			buildSettings = {
				ALWAYS_SEARCH_USER_PATHS = NO;
				CLANG_ANALYZER_NONNULL = YES;
				CLANG_ANALYZER_NUMBER_OBJECT_CONVERSION = YES_AGGRESSIVE;
				CLANG_CXX_LANGUAGE_STANDARD = "gnu++17";
				CLANG_ENABLE_MODULES = YES;
				CLANG_ENABLE_OBJC_ARC = YES;
				CLANG_ENABLE_OBJC_WEAK = YES;
				CLANG_WARN_BLOCK_CAPTURE_AUTORELEASING = YES;
				CLANG_WARN_BOOL_CONVERSION = YES;
				CLANG_WARN_COMMA = YES;
				CLANG_WARN_CONSTANT_CONVERSION = YES;
				CLANG_WARN_DEPRECATED_OBJC_IMPLEMENTATIONS = YES;
				CLANG_WARN_DIRECT_OBJC_ISA_USAGE = YES_ERROR;
				CLANG_WARN_DOCUMENTATION_COMMENTS = YES;
				CLANG_WARN_EMPTY_BODY = YES;
				CLANG_WARN_ENUM_CONVERSION = YES;
				CLANG_WARN_INFINITE_RECURSION = YES;
				CLANG_WARN_INT_CONVERSION = YES;
				CLANG_WARN_NON_LITERAL_NULL_CONVERSION = YES;
				CLANG_WARN_OBJC_IMPLICIT_RETAIN_SELF = YES;
				CLANG_WARN_OBJC_LITERAL_CONVERSION = YES;
				CLANG_WARN_OBJC_ROOT_CLASS = YES_ERROR;
				CLANG_WARN_QUOTED_INCLUDE_IN_FRAMEWORK_HEADER = YES;
				CLANG_WARN_RANGE_LOOP_ANALYSIS = YES;
				CLANG_WARN_STRICT_PROTOTYPES = YES;
				CLANG_WARN_SUSPICIOUS_MOVE = YES;
				CLANG_WARN_UNGUARDED_AVAILABILITY = YES_AGGRESSIVE;
				CLANG_WARN_UNREACHABLE_CODE = YES;
				CLANG_WARN__DUPLICATE_METHOD_MATCH = YES;
				COPY_PHASE_STRIP = NO;
				DEBUG_INFORMATION_FORMAT = dwarf;
				ENABLE_STRICT_OBJC_MSGSEND = YES;
				ENABLE_TESTABILITY = YES;
				GCC_C_LANGUAGE_STANDARD = gnu11;
				GCC_DYNAMIC_NO_PIC = NO;
				GCC_NO_COMMON_BLOCKS = YES;
				GCC_OPTIMIZATION_LEVEL = 0;
				GCC_PREPROCESSOR_DEFINITIONS = (
					"DEBUG=1",
					"$(inherited)",
				);
				GCC_WARN_64_TO_32_BIT_CONVERSION = YES;
				GCC_WARN_ABOUT_RETURN_TYPE = YES_ERROR;
				GCC_WARN_UNDECLARED_SELECTOR = YES;
				GCC_WARN_UNINITIALIZED_AUTOS = YES_AGGRESSIVE;
				GCC_WARN_UNUSED_FUNCTION = YES;
				GCC_WARN_UNUSED_VARIABLE = YES;
				IPHONEOS_DEPLOYMENT_TARGET = 15.5;
				MTL_ENABLE_DEBUG_INFO = INCLUDE_SOURCE;
				MTL_FAST_MATH = YES;
				ONLY_ACTIVE_ARCH = YES;
				SDKROOT = iphoneos;
				SWIFT_ACTIVE_COMPILATION_CONDITIONS = DEBUG;
				SWIFT_OPTIMIZATION_LEVEL = "-Onone";
			};
			name = Debug;
		};
		97EAB1D428730D6C00CDF6DD /* Release */ = {
			isa = XCBuildConfiguration;
			buildSettings = {
				ALWAYS_SEARCH_USER_PATHS = NO;
				CLANG_ANALYZER_NONNULL = YES;
				CLANG_ANALYZER_NUMBER_OBJECT_CONVERSION = YES_AGGRESSIVE;
				CLANG_CXX_LANGUAGE_STANDARD = "gnu++17";
				CLANG_ENABLE_MODULES = YES;
				CLANG_ENABLE_OBJC_ARC = YES;
				CLANG_ENABLE_OBJC_WEAK = YES;
				CLANG_WARN_BLOCK_CAPTURE_AUTORELEASING = YES;
				CLANG_WARN_BOOL_CONVERSION = YES;
				CLANG_WARN_COMMA = YES;
				CLANG_WARN_CONSTANT_CONVERSION = YES;
				CLANG_WARN_DEPRECATED_OBJC_IMPLEMENTATIONS = YES;
				CLANG_WARN_DIRECT_OBJC_ISA_USAGE = YES_ERROR;
				CLANG_WARN_DOCUMENTATION_COMMENTS = YES;
				CLANG_WARN_EMPTY_BODY = YES;
				CLANG_WARN_ENUM_CONVERSION = YES;
				CLANG_WARN_INFINITE_RECURSION = YES;
				CLANG_WARN_INT_CONVERSION = YES;
				CLANG_WARN_NON_LITERAL_NULL_CONVERSION = YES;
				CLANG_WARN_OBJC_IMPLICIT_RETAIN_SELF = YES;
				CLANG_WARN_OBJC_LITERAL_CONVERSION = YES;
				CLANG_WARN_OBJC_ROOT_CLASS = YES_ERROR;
				CLANG_WARN_QUOTED_INCLUDE_IN_FRAMEWORK_HEADER = YES;
				CLANG_WARN_RANGE_LOOP_ANALYSIS = YES;
				CLANG_WARN_STRICT_PROTOTYPES = YES;
				CLANG_WARN_SUSPICIOUS_MOVE = YES;
				CLANG_WARN_UNGUARDED_AVAILABILITY = YES_AGGRESSIVE;
				CLANG_WARN_UNREACHABLE_CODE = YES;
				CLANG_WARN__DUPLICATE_METHOD_MATCH = YES;
				COPY_PHASE_STRIP = NO;
				DEBUG_INFORMATION_FORMAT = "dwarf-with-dsym";
				ENABLE_NS_ASSERTIONS = NO;
				ENABLE_STRICT_OBJC_MSGSEND = YES;
				GCC_C_LANGUAGE_STANDARD = gnu11;
				GCC_NO_COMMON_BLOCKS = YES;
				GCC_WARN_64_TO_32_BIT_CONVERSION = YES;
				GCC_WARN_ABOUT_RETURN_TYPE = YES_ERROR;
				GCC_WARN_UNDECLARED_SELECTOR = YES;
				GCC_WARN_UNINITIALIZED_AUTOS = YES_AGGRESSIVE;
				GCC_WARN_UNUSED_FUNCTION = YES;
				GCC_WARN_UNUSED_VARIABLE = YES;
				IPHONEOS_DEPLOYMENT_TARGET = 15.5;
				MTL_ENABLE_DEBUG_INFO = NO;
				MTL_FAST_MATH = YES;
				SDKROOT = iphoneos;
				SWIFT_COMPILATION_MODE = wholemodule;
				SWIFT_OPTIMIZATION_LEVEL = "-O";
				VALIDATE_PRODUCT = YES;
			};
			name = Release;
		};
		97EAB1D628730D6C00CDF6DD /* Debug */ = {
			isa = XCBuildConfiguration;
			buildSettings = {
				ASSETCATALOG_COMPILER_APPICON_NAME = AppIcon;
				ASSETCATALOG_COMPILER_GLOBAL_ACCENT_COLOR_NAME = AccentColor;
				CODE_SIGN_STYLE = Automatic;
				CURRENT_PROJECT_VERSION = 1;
				DEVELOPMENT_TEAM = 5Q9399ZKMY;
				GENERATE_INFOPLIST_FILE = YES;
				INFOPLIST_FILE = "uikit-tutorial/Info.plist";
				INFOPLIST_KEY_UIApplicationSupportsIndirectInputEvents = YES;
				INFOPLIST_KEY_UILaunchStoryboardName = LaunchScreen;
				INFOPLIST_KEY_UIMainStoryboardFile = Main;
				INFOPLIST_KEY_UISupportedInterfaceOrientations_iPad = "UIInterfaceOrientationPortrait UIInterfaceOrientationPortraitUpsideDown UIInterfaceOrientationLandscapeLeft UIInterfaceOrientationLandscapeRight";
				INFOPLIST_KEY_UISupportedInterfaceOrientations_iPhone = "UIInterfaceOrientationPortrait UIInterfaceOrientationLandscapeLeft UIInterfaceOrientationLandscapeRight";
				LD_RUNPATH_SEARCH_PATHS = (
					"$(inherited)",
					"@executable_path/Frameworks",
				);
				MARKETING_VERSION = 1.0;
				PRODUCT_BUNDLE_IDENTIFIER = "com.raven.uikit-tutorial";
				PRODUCT_NAME = "$(TARGET_NAME)";
				SWIFT_EMIT_LOC_STRINGS = YES;
				SWIFT_VERSION = 5.0;
				TARGETED_DEVICE_FAMILY = "1,2";
			};
			name = Debug;
		};
		97EAB1D728730D6C00CDF6DD /* Release */ = {
			isa = XCBuildConfiguration;
			buildSettings = {
				ASSETCATALOG_COMPILER_APPICON_NAME = AppIcon;
				ASSETCATALOG_COMPILER_GLOBAL_ACCENT_COLOR_NAME = AccentColor;
				CODE_SIGN_STYLE = Automatic;
				CURRENT_PROJECT_VERSION = 1;
				DEVELOPMENT_TEAM = 5Q9399ZKMY;
				GENERATE_INFOPLIST_FILE = YES;
				INFOPLIST_FILE = "uikit-tutorial/Info.plist";
				INFOPLIST_KEY_UIApplicationSupportsIndirectInputEvents = YES;
				INFOPLIST_KEY_UILaunchStoryboardName = LaunchScreen;
				INFOPLIST_KEY_UIMainStoryboardFile = Main;
				INFOPLIST_KEY_UISupportedInterfaceOrientations_iPad = "UIInterfaceOrientationPortrait UIInterfaceOrientationPortraitUpsideDown UIInterfaceOrientationLandscapeLeft UIInterfaceOrientationLandscapeRight";
				INFOPLIST_KEY_UISupportedInterfaceOrientations_iPhone = "UIInterfaceOrientationPortrait UIInterfaceOrientationLandscapeLeft UIInterfaceOrientationLandscapeRight";
				LD_RUNPATH_SEARCH_PATHS = (
					"$(inherited)",
					"@executable_path/Frameworks",
				);
				MARKETING_VERSION = 1.0;
				PRODUCT_BUNDLE_IDENTIFIER = "com.raven.uikit-tutorial";
				PRODUCT_NAME = "$(TARGET_NAME)";
				SWIFT_EMIT_LOC_STRINGS = YES;
				SWIFT_VERSION = 5.0;
				TARGETED_DEVICE_FAMILY = "1,2";
			};
			name = Release;
		};
		97EAB1D928730D6C00CDF6DD /* Debug */ = {
			isa = XCBuildConfiguration;
			buildSettings = {
				ALWAYS_EMBED_SWIFT_STANDARD_LIBRARIES = YES;
				BUNDLE_LOADER = "$(TEST_HOST)";
				CODE_SIGN_STYLE = Automatic;
				CURRENT_PROJECT_VERSION = 1;
				DEVELOPMENT_TEAM = 5Q9399ZKMY;
				GENERATE_INFOPLIST_FILE = YES;
				IPHONEOS_DEPLOYMENT_TARGET = 15.5;
				MARKETING_VERSION = 1.0;
				PRODUCT_BUNDLE_IDENTIFIER = "com.raven.uikit-tutorialTests";
				PRODUCT_NAME = "$(TARGET_NAME)";
				SWIFT_EMIT_LOC_STRINGS = NO;
				SWIFT_VERSION = 5.0;
				TARGETED_DEVICE_FAMILY = "1,2";
				TEST_HOST = "$(BUILT_PRODUCTS_DIR)/uikit-tutorial.app/uikit-tutorial";
			};
			name = Debug;
		};
		97EAB1DA28730D6C00CDF6DD /* Release */ = {
			isa = XCBuildConfiguration;
			buildSettings = {
				ALWAYS_EMBED_SWIFT_STANDARD_LIBRARIES = YES;
				BUNDLE_LOADER = "$(TEST_HOST)";
				CODE_SIGN_STYLE = Automatic;
				CURRENT_PROJECT_VERSION = 1;
				DEVELOPMENT_TEAM = 5Q9399ZKMY;
				GENERATE_INFOPLIST_FILE = YES;
				IPHONEOS_DEPLOYMENT_TARGET = 15.5;
				MARKETING_VERSION = 1.0;
				PRODUCT_BUNDLE_IDENTIFIER = "com.raven.uikit-tutorialTests";
				PRODUCT_NAME = "$(TARGET_NAME)";
				SWIFT_EMIT_LOC_STRINGS = NO;
				SWIFT_VERSION = 5.0;
				TARGETED_DEVICE_FAMILY = "1,2";
				TEST_HOST = "$(BUILT_PRODUCTS_DIR)/uikit-tutorial.app/uikit-tutorial";
			};
			name = Release;
		};
		97EAB1DC28730D6C00CDF6DD /* Debug */ = {
			isa = XCBuildConfiguration;
			buildSettings = {
				ALWAYS_EMBED_SWIFT_STANDARD_LIBRARIES = YES;
				CODE_SIGN_STYLE = Automatic;
				CURRENT_PROJECT_VERSION = 1;
				DEVELOPMENT_TEAM = 5Q9399ZKMY;
				GENERATE_INFOPLIST_FILE = YES;
				MARKETING_VERSION = 1.0;
				PRODUCT_BUNDLE_IDENTIFIER = "com.raven.uikit-tutorialUITests";
				PRODUCT_NAME = "$(TARGET_NAME)";
				SWIFT_EMIT_LOC_STRINGS = NO;
				SWIFT_VERSION = 5.0;
				TARGETED_DEVICE_FAMILY = "1,2";
				TEST_TARGET_NAME = "uikit-tutorial";
			};
			name = Debug;
		};
		97EAB1DD28730D6C00CDF6DD /* Release */ = {
			isa = XCBuildConfiguration;
			buildSettings = {
				ALWAYS_EMBED_SWIFT_STANDARD_LIBRARIES = YES;
				CODE_SIGN_STYLE = Automatic;
				CURRENT_PROJECT_VERSION = 1;
				DEVELOPMENT_TEAM = 5Q9399ZKMY;
				GENERATE_INFOPLIST_FILE = YES;
				MARKETING_VERSION = 1.0;
				PRODUCT_BUNDLE_IDENTIFIER = "com.raven.uikit-tutorialUITests";
				PRODUCT_NAME = "$(TARGET_NAME)";
				SWIFT_EMIT_LOC_STRINGS = NO;
				SWIFT_VERSION = 5.0;
				TARGETED_DEVICE_FAMILY = "1,2";
				TEST_TARGET_NAME = "uikit-tutorial";
			};
			name = Release;
		};
/* End XCBuildConfiguration section */

/* Begin XCConfigurationList section */
		97EAB1A628730D6900CDF6DD /* Build configuration list for PBXProject "uikit-tutorial" */ = {
			isa = XCConfigurationList;
			buildConfigurations = (
				97EAB1D328730D6C00CDF6DD /* Debug */,
				97EAB1D428730D6C00CDF6DD /* Release */,
			);
			defaultConfigurationIsVisible = 0;
			defaultConfigurationName = Release;
		};
		97EAB1D528730D6C00CDF6DD /* Build configuration list for PBXNativeTarget "uikit-tutorial" */ = {
			isa = XCConfigurationList;
			buildConfigurations = (
				97EAB1D628730D6C00CDF6DD /* Debug */,
				97EAB1D728730D6C00CDF6DD /* Release */,
			);
			defaultConfigurationIsVisible = 0;
			defaultConfigurationName = Release;
		};
		97EAB1D828730D6C00CDF6DD /* Build configuration list for PBXNativeTarget "uikit-tutorialTests" */ = {
			isa = XCConfigurationList;
			buildConfigurations = (
				97EAB1D928730D6C00CDF6DD /* Debug */,
				97EAB1DA28730D6C00CDF6DD /* Release */,
			);
			defaultConfigurationIsVisible = 0;
			defaultConfigurationName = Release;
		};
		97EAB1DB28730D6C00CDF6DD /* Build configuration list for PBXNativeTarget "uikit-tutorialUITests" */ = {
			isa = XCConfigurationList;
			buildConfigurations = (
				97EAB1DC28730D6C00CDF6DD /* Debug */,
				97EAB1DD28730D6C00CDF6DD /* Release */,
			);
			defaultConfigurationIsVisible = 0;
			defaultConfigurationName = Release;
		};
/* End XCConfigurationList section */
	};
	rootObject = 97EAB1A328730D6900CDF6DD /* Project object */;
}
